
Microsoft Visual Studio Solution File, Format Version 12.00
# Visual Studio 15
VisualStudioVersion = 15.0.26730.12
MinimumVisualStudioVersion = 10.0.40219.1
Project("{DA7A21FA-8162-4350-AD77-A8D1B671F3ED}") = "RTwitter", "RTwitter\RTwitter.rxproj", "{27455B08-4A1E-4671-AF3F-A398AEB23ED0}"
EndProject
Global
	GlobalSection(SolutionConfigurationPlatforms) = preSolution
		Debug|Any CPU = Debug|Any CPU
		Release|Any CPU = Release|Any CPU
	EndGlobalSection
	GlobalSection(ProjectConfigurationPlatforms) = postSolution
		{27455B08-4A1E-4671-AF3F-A398AEB23ED0}.Debug|Any CPU.ActiveCfg = Debug|Any CPU
		{27455B08-4A1E-4671-AF3F-A398AEB23ED0}.Debug|Any CPU.Build.0 = Debug|Any CPU
		{27455B08-4A1E-4671-AF3F-A398AEB23ED0}.Release|Any CPU.ActiveCfg = Release|Any CPU
		{27455B08-4A1E-4671-AF3F-A398AEB23ED0}.Release|Any CPU.Build.0 = Release|Any CPU
	EndGlobalSection
	GlobalSection(SolutionProperties) = preSolution
		HideSolutionNode = FALSE
	EndGlobalSection
	GlobalSection(ExtensibilityGlobals) = postSolution
		SolutionGuid = {BF9FB14A-B4EB-465F-9E7E-D4B513F55CFD}
	EndGlobalSection
EndGlobal
